
Microsoft Visual Studio Solution File, Format Version 12.00
# Visual Studio Version 17
VisualStudioVersion = 17.13.35931.197 d17.13
MinimumVisualStudioVersion = 10.0.40219.1
Project("{FAE04EC0-301F-11D3-BF4B-00C04F79EFBC}") = "ПО ЛАБА С ФОРМС", "ПО ЛАБА С ФОРМС\ПО ЛАБА С ФОРМС.csproj", "{F988F1CD-E07A-4487-9BE8-03F62D857CD1}"
EndProject
Global
	GlobalSection(SolutionConfigurationPlatforms) = preSolution
		Debug|Any CPU = Debug|Any CPU
		Release|Any CPU = Release|Any CPU
	EndGlobalSection
	GlobalSection(ProjectConfigurationPlatforms) = postSolution
		{F988F1CD-E07A-4487-9BE8-03F62D857CD1}.Debug|Any CPU.ActiveCfg = Debug|Any CPU
		{F988F1CD-E07A-4487-9BE8-03F62D857CD1}.Debug|Any CPU.Build.0 = Debug|Any CPU
		{F988F1CD-E07A-4487-9BE8-03F62D857CD1}.Release|Any CPU.ActiveCfg = Release|Any CPU
		{F988F1CD-E07A-4487-9BE8-03F62D857CD1}.Release|Any CPU.Build.0 = Release|Any CPU
	EndGlobalSection
	GlobalSection(SolutionProperties) = preSolution
		HideSolutionNode = FALSE
	EndGlobalSection
	GlobalSection(ExtensibilityGlobals) = postSolution
		SolutionGuid = {D2039078-17E3-446B-BC82-3CF5467F72C8}
	EndGlobalSection
EndGlobal
